<?xml version="1.0" encoding="utf-8"?>
<Project ToolsVersion="4.0" xmlns="http://schemas.microsoft.com/developer/msbuild/2003">
  <ItemGroup>
    <Filter Include="源文件">
      <UniqueIdentifier>{4FC737F1-C7A5-4376-A066-2A32D752A2FF}</UniqueIdentifier>
      <Extensions>cpp;c;cc;cxx;def;odl;idl;hpj;bat;asm;asmx</Extensions>
    </Filter>
    <Filter Include="头文件">
      <UniqueIdentifier>{93995380-89BD-4b04-88EB-625FBE52EBFB}</UniqueIdentifier>
      <Extensions>h;hpp;hxx;hm;inl;inc;xsd</Extensions>
    </Filter>
    <Filter Include="资源文件">
      <UniqueIdentifier>{67DA6AB6-F800-4c08-8B7A-83BB121AAD01}</UniqueIdentifier>
      <Extensions>rc;ico;cur;bmp;dlg;rc2;rct;bin;rgs;gif;jpg;jpeg;jpe;resx;tiff;tif;png;wav;mfcribbon-ms</Extensions>
    </Filter>
  </ItemGroup>
  <ItemGroup>
    <None Include="ReadMe.txt" />
    <None Include="res\picture.rc2">
      <Filter>资源文件</Filter>
    </None>
    <None Include="res\picture.ico">
      <Filter>资源文件</Filter>
    </None>
    <None Include="grey_line.bmp">
      <Filter>资源文件</Filter>
    </None>
    <None Include="gamma.bmp">
      <Filter>资源文件</Filter>
    </None>
    <None Include="logarithm.bmp">
      <Filter>资源文件</Filter>
    </None>
    <None Include="expTran.bmp">
      <Filter>资源文件</Filter>
    </None>
    <None Include="gray_line.bmp">
      <Filter>资源文件</Filter>
    </None>
    <None Include="Matrix1.bmp">
      <Filter>资源文件</Filter>
    </None>
    <None Include="Matrix2.bmp">
      <Filter>资源文件</Filter>
    </None>
  </ItemGroup>
  <ItemGroup>
    <ClInclude Include="picture.h">
      <Filter>头文件</Filter>
    </ClInclude>
    <ClInclude Include="pictureDlg.h">
      <Filter>头文件</Filter>
    </ClInclude>
    <ClInclude Include="stdafx.h">
      <Filter>头文件</Filter>
    </ClInclude>
    <ClInclude Include="targetver.h">
      <Filter>头文件</Filter>
    </ClInclude>
    <ClInclude Include="Resource.h">
      <Filter>头文件</Filter>
    </ClInclude>
    <ClInclude Include="CvvImage.h">
      <Filter>头文件</Filter>
    </ClInclude>
    <ClInclude Include="ImageBase.h">
      <Filter>头文件</Filter>
    </ClInclude>
    <ClInclude Include="GreyDlg.h">
      <Filter>头文件</Filter>
    </ClInclude>
    <ClInclude Include="LogarithmDlg.h">
      <Filter>头文件</Filter>
    </ClInclude>
    <ClInclude Include="GammaTranDlg.h">
      <Filter>头文件</Filter>
    </ClInclude>
    <ClInclude Include="ExpGrayTranDlg.h">
      <Filter>头文件</Filter>
    </ClInclude>
    <ClInclude Include="GeometricTranDlg.h">
      <Filter>头文件</Filter>
    </ClInclude>
    <ClInclude Include="ImageEnhancement.h">
      <Filter>头文件</Filter>
    </ClInclude>
    <ClInclude Include="ImageGeometry.h">
      <Filter>头文件</Filter>
    </ClInclude>
    <ClInclude Include="ImageSegmentation.h">
      <Filter>头文件</Filter>
    </ClInclude>
    <ClInclude Include="ImageMathematicalMorphology.h">
      <Filter>头文件</Filter>
    </ClInclude>
    <ClInclude Include="MorphologyDlg.h">
      <Filter>头文件</Filter>
    </ClInclude>
    <ClInclude Include="MinThresholdDlg.h">
      <Filter>头文件</Filter>
    </ClInclude>
    <ClInclude Include="ImageFeatures.h">
      <Filter>头文件</Filter>
    </ClInclude>
  </ItemGroup>
  <ItemGroup>
    <ClCompile Include="picture.cpp">
      <Filter>源文件</Filter>
    </ClCompile>
    <ClCompile Include="pictureDlg.cpp">
      <Filter>源文件</Filter>
    </ClCompile>
    <ClCompile Include="stdafx.cpp">
      <Filter>源文件</Filter>
    </ClCompile>
    <ClCompile Include="CvvImage.cpp">
      <Filter>源文件</Filter>
    </ClCompile>
    <ClCompile Include="ImageBase.cpp">
      <Filter>源文件</Filter>
    </ClCompile>
    <ClCompile Include="GreyDlg.cpp">
      <Filter>源文件</Filter>
    </ClCompile>
    <ClCompile Include="LogarithmDlg.cpp">
      <Filter>源文件</Filter>
    </ClCompile>
    <ClCompile Include="GammaTranDlg.cpp">
      <Filter>源文件</Filter>
    </ClCompile>
    <ClCompile Include="ExpGrayTranDlg.cpp">
      <Filter>源文件</Filter>
    </ClCompile>
    <ClCompile Include="GeometricTranDlg.cpp">
      <Filter>源文件</Filter>
    </ClCompile>
    <ClCompile Include="ImageEnhancement.cpp">
      <Filter>源文件</Filter>
    </ClCompile>
    <ClCompile Include="ImageGeometry.cpp">
      <Filter>源文件</Filter>
    </ClCompile>
    <ClCompile Include="ImageSegmentation.cpp">
      <Filter>源文件</Filter>
    </ClCompile>
    <ClCompile Include="ImageMathematicalMorphology.cpp">
      <Filter>源文件</Filter>
    </ClCompile>
    <ClCompile Include="MorphologyDlg.cpp">
      <Filter>源文件</Filter>
    </ClCompile>
    <ClCompile Include="MinThresholdDlg.cpp">
      <Filter>源文件</Filter>
    </ClCompile>
    <ClCompile Include="ImageFeatures.cpp">
      <Filter>源文件</Filter>
    </ClCompile>
  </ItemGroup>
  <ItemGroup>
    <ResourceCompile Include="picture.rc">
      <Filter>资源文件</Filter>
    </ResourceCompile>
  </ItemGroup>
</Project>